{
  "nodes": {
    "nixpkgs": {
      "locked": {
        "lastModified": 1668266328,
        "narHash": "sha256-+nAW+XR8nswyEnt5IkQlkrz9erTcQWBVLkhtNHxckFw=",
        "owner": "NixOS",
        "repo": "nixpkgs",
        "rev": "5ca8e2e9e1fa5e66a749b39261ad6bd0e07bc87f",
        "type": "github"
      },
      "original": {
        "owner": "NixOS",
        "ref": "nixpkgs-unstable",
        "repo": "nixpkgs",
        "type": "github"
      }
    },
    "root": {
      "inputs": {
        "nixpkgs": "nixpkgs"
      }
    }
  },
  "root": "root",
  "version": 7
}
